
Microsoft Visual Studio Solution File, Format Version 12.00
# Visual Studio Version 16
VisualStudioVersion = 16.0.32630.194
MinimumVisualStudioVersion = 10.0.40219.1
Project("{FAE04EC0-301F-11D3-BF4B-00C04F79EFBC}") = "6zadanie", "6zadanie\6zadanie.csproj", "{C966DB86-B83A-4471-ADA8-7870D0049E31}"
EndProject
Global
	GlobalSection(SolutionConfigurationPlatforms) = preSolution
		Debug|Any CPU = Debug|Any CPU
		Release|Any CPU = Release|Any CPU
	EndGlobalSection
	GlobalSection(ProjectConfigurationPlatforms) = postSolution
		{C966DB86-B83A-4471-ADA8-7870D0049E31}.Debug|Any CPU.ActiveCfg = Debug|Any CPU
		{C966DB86-B83A-4471-ADA8-7870D0049E31}.Debug|Any CPU.Build.0 = Debug|Any CPU
		{C966DB86-B83A-4471-ADA8-7870D0049E31}.Release|Any CPU.ActiveCfg = Release|Any CPU
		{C966DB86-B83A-4471-ADA8-7870D0049E31}.Release|Any CPU.Build.0 = Release|Any CPU
	EndGlobalSection
	GlobalSection(SolutionProperties) = preSolution
		HideSolutionNode = FALSE
	EndGlobalSection
	GlobalSection(ExtensibilityGlobals) = postSolution
		SolutionGuid = {5DF9DFAB-0EE2-4AA8-BD21-323EBD232124}
	EndGlobalSection
EndGlobal
